
Microsoft Visual Studio Solution File, Format Version 12.00
# Visual Studio Version 16
VisualStudioVersion = 16.0.29920.165
MinimumVisualStudioVersion = 10.0.40219.1
Project("{D954291E-2A0B-460D-934E-DC6B0785DB48}") = "uplink.NET.AppTest.Shared", "uplink.NET.AppTest\uplink.NET.AppTest.Shared\uplink.NET.AppTest.Shared.shproj", "{6279C845-92F8-4333-AB99-3D213163593C}"
EndProject
Project("{FAE04EC0-301F-11D3-BF4B-00C04F79EFBC}") = "uplink.NET.AppTest.Droid", "uplink.NET.AppTest\uplink.NET.AppTest.Droid\uplink.NET.AppTest.Droid.csproj", "{277C4E19-782D-4336-9706-59844E13642A}"
EndProject
Project("{FAE04EC0-301F-11D3-BF4B-00C04F79EFBC}") = "uplink.NET.AppTest.iOS", "uplink.NET.AppTest\uplink.NET.AppTest.iOS\uplink.NET.AppTest.iOS.csproj", "{D710AF5F-E96C-49A4-954A-20B3EDA701B8}"
EndProject
Project("{FAE04EC0-301F-11D3-BF4B-00C04F79EFBC}") = "uplink.NET.AppTest.UWP", "uplink.NET.AppTest\uplink.NET.AppTest.UWP\uplink.NET.AppTest.UWP.csproj", "{402B5099-06A6-422B-9548-75052E228168}"
EndProject
Project("{FAE04EC0-301F-11D3-BF4B-00C04F79EFBC}") = "uplink.NET.AppTest.macOS", "uplink.NET.AppTest\uplink.NET.AppTest.macOS\uplink.NET.AppTest.macOS.csproj", "{FC627F5F-EDF2-4791-8E80-343C621B9ADE}"
EndProject
Global
	GlobalSection(SharedMSBuildProjectFiles) = preSolution
		uplink.NET.AppTest\uplink.NET.AppTest.Shared\uplink.NET.AppTest.Shared.projitems*{277c4e19-782d-4336-9706-59844e13642a}*SharedItemsImports = 4
		uplink.NET.AppTest\uplink.NET.AppTest.Shared\uplink.NET.AppTest.Shared.projitems*{402b5099-06a6-422b-9548-75052e228168}*SharedItemsImports = 4
		uplink.NET.AppTest\uplink.NET.AppTest.Shared\uplink.NET.AppTest.Shared.projitems*{6279c845-92f8-4333-ab99-3d213163593c}*SharedItemsImports = 13
		uplink.NET.AppTest\uplink.NET.AppTest.Shared\uplink.NET.AppTest.Shared.projitems*{d710af5f-e96c-49a4-954a-20b3eda701b8}*SharedItemsImports = 4
		uplink.NET.AppTest\uplink.NET.AppTest.Shared\uplink.NET.AppTest.Shared.projitems*{fc627f5f-edf2-4791-8e80-343c621b9ade}*SharedItemsImports = 4
	EndGlobalSection
	GlobalSection(SolutionConfigurationPlatforms) = preSolution
		Ad-Hoc|Any CPU = Ad-Hoc|Any CPU
		Ad-Hoc|ARM = Ad-Hoc|ARM
		Ad-Hoc|ARM64 = Ad-Hoc|ARM64
		Ad-Hoc|iPhone = Ad-Hoc|iPhone
		Ad-Hoc|iPhoneSimulator = Ad-Hoc|iPhoneSimulator
		Ad-Hoc|x64 = Ad-Hoc|x64
		Ad-Hoc|x86 = Ad-Hoc|x86
		AppStore|Any CPU = AppStore|Any CPU
		AppStore|ARM = AppStore|ARM
		AppStore|ARM64 = AppStore|ARM64
		AppStore|iPhone = AppStore|iPhone
		AppStore|iPhoneSimulator = AppStore|iPhoneSimulator
		AppStore|x64 = AppStore|x64
		AppStore|x86 = AppStore|x86
		Debug|Any CPU = Debug|Any CPU
		Debug|ARM = Debug|ARM
		Debug|ARM64 = Debug|ARM64
		Debug|iPhone = Debug|iPhone
		Debug|iPhoneSimulator = Debug|iPhoneSimulator
		Debug|x64 = Debug|x64
		Debug|x86 = Debug|x86
		Release|Any CPU = Release|Any CPU
		Release|ARM = Release|ARM
		Release|ARM64 = Release|ARM64
		Release|iPhone = Release|iPhone
		Release|iPhoneSimulator = Release|iPhoneSimulator
		Release|x64 = Release|x64
		Release|x86 = Release|x86
	EndGlobalSection
	GlobalSection(ProjectConfigurationPlatforms) = postSolution
		{277C4E19-782D-4336-9706-59844E13642A}.Ad-Hoc|Any CPU.ActiveCfg = Release|Any CPU
		{277C4E19-782D-4336-9706-59844E13642A}.Ad-Hoc|Any CPU.Build.0 = Release|Any CPU
		{277C4E19-782D-4336-9706-59844E13642A}.Ad-Hoc|Any CPU.Deploy.0 = Release|Any CPU
		{277C4E19-782D-4336-9706-59844E13642A}.Ad-Hoc|ARM.ActiveCfg = Release|Any CPU
		{277C4E19-782D-4336-9706-59844E13642A}.Ad-Hoc|ARM.Build.0 = Release|Any CPU
		{277C4E19-782D-4336-9706-59844E13642A}.Ad-Hoc|ARM.Deploy.0 = Release|Any CPU
		{277C4E19-782D-4336-9706-59844E13642A}.Ad-Hoc|ARM64.ActiveCfg = Release|Any CPU
		{277C4E19-782D-4336-9706-59844E13642A}.Ad-Hoc|ARM64.Build.0 = Release|Any CPU
		{277C4E19-782D-4336-9706-59844E13642A}.Ad-Hoc|ARM64.Deploy.0 = Release|Any CPU
		{277C4E19-782D-4336-9706-59844E13642A}.Ad-Hoc|iPhone.ActiveCfg = Release|Any CPU
		{277C4E19-782D-4336-9706-59844E13642A}.Ad-Hoc|iPhone.Build.0 = Release|Any CPU
		{277C4E19-782D-4336-9706-59844E13642A}.Ad-Hoc|iPhone.Deploy.0 = Release|Any CPU
		{277C4E19-782D-4336-9706-59844E13642A}.Ad-Hoc|iPhoneSimulator.ActiveCfg = Release|Any CPU
		{277C4E19-782D-4336-9706-59844E13642A}.Ad-Hoc|iPhoneSimulator.Build.0 = Release|Any CPU
		{277C4E19-782D-4336-9706-59844E13642A}.Ad-Hoc|iPhoneSimulator.Deploy.0 = Release|Any CPU
		{277C4E19-782D-4336-9706-59844E13642A}.Ad-Hoc|x64.ActiveCfg = Release|Any CPU
		{277C4E19-782D-4336-9706-59844E13642A}.Ad-Hoc|x64.Build.0 = Release|Any CPU
		{277C4E19-782D-4336-9706-59844E13642A}.Ad-Hoc|x64.Deploy.0 = Release|Any CPU
		{277C4E19-782D-4336-9706-59844E13642A}.Ad-Hoc|x86.ActiveCfg = Release|Any CPU
		{277C4E19-782D-4336-9706-59844E13642A}.Ad-Hoc|x86.Build.0 = Release|Any CPU
		{277C4E19-782D-4336-9706-59844E13642A}.Ad-Hoc|x86.Deploy.0 = Release|Any CPU
		{277C4E19-782D-4336-9706-59844E13642A}.AppStore|Any CPU.ActiveCfg = Release|Any CPU
		{277C4E19-782D-4336-9706-59844E13642A}.AppStore|Any CPU.Build.0 = Release|Any CPU
		{277C4E19-782D-4336-9706-59844E13642A}.AppStore|Any CPU.Deploy.0 = Release|Any CPU
		{277C4E19-782D-4336-9706-59844E13642A}.AppStore|ARM.ActiveCfg = Release|Any CPU
		{277C4E19-782D-4336-9706-59844E13642A}.AppStore|ARM.Build.0 = Release|Any CPU
		{277C4E19-782D-4336-9706-59844E13642A}.AppStore|ARM.Deploy.0 = Release|Any CPU
		{277C4E19-782D-4336-9706-59844E13642A}.AppStore|ARM64.ActiveCfg = Release|Any CPU
		{277C4E19-782D-4336-9706-59844E13642A}.AppStore|ARM64.Build.0 = Release|Any CPU
		{277C4E19-782D-4336-9706-59844E13642A}.AppStore|ARM64.Deploy.0 = Release|Any CPU
		{277C4E19-782D-4336-9706-59844E13642A}.AppStore|iPhone.ActiveCfg = Release|Any CPU
		{277C4E19-782D-4336-9706-59844E13642A}.AppStore|iPhone.Build.0 = Release|Any CPU
		{277C4E19-782D-4336-9706-59844E13642A}.AppStore|iPhone.Deploy.0 = Release|Any CPU
		{277C4E19-782D-4336-9706-59844E13642A}.AppStore|iPhoneSimulator.ActiveCfg = Release|Any CPU
		{277C4E19-782D-4336-9706-59844E13642A}.AppStore|iPhoneSimulator.Build.0 = Release|Any CPU
		{277C4E19-782D-4336-9706-59844E13642A}.AppStore|iPhoneSimulator.Deploy.0 = Release|Any CPU
		{277C4E19-782D-4336-9706-59844E13642A}.AppStore|x64.ActiveCfg = Release|Any CPU
		{277C4E19-782D-4336-9706-59844E13642A}.AppStore|x64.Build.0 = Release|Any CPU
		{277C4E19-782D-4336-9706-59844E13642A}.AppStore|x64.Deploy.0 = Release|Any CPU
		{277C4E19-782D-4336-9706-59844E13642A}.AppStore|x86.ActiveCfg = Release|Any CPU
		{277C4E19-782D-4336-9706-59844E13642A}.AppStore|x86.Build.0 = Release|Any CPU
		{277C4E19-782D-4336-9706-59844E13642A}.AppStore|x86.Deploy.0 = Release|Any CPU
		{277C4E19-782D-4336-9706-59844E13642A}.Debug|Any CPU.ActiveCfg = Debug|Any CPU
		{277C4E19-782D-4336-9706-59844E13642A}.Debug|Any CPU.Build.0 = Debug|Any CPU
		{277C4E19-782D-4336-9706-59844E13642A}.Debug|Any CPU.Deploy.0 = Debug|Any CPU
		{277C4E19-782D-4336-9706-59844E13642A}.Debug|ARM.ActiveCfg = Debug|Any CPU
		{277C4E19-782D-4336-9706-59844E13642A}.Debug|ARM.Build.0 = Debug|Any CPU
		{277C4E19-782D-4336-9706-59844E13642A}.Debug|ARM.Deploy.0 = Debug|Any CPU
		{277C4E19-782D-4336-9706-59844E13642A}.Debug|ARM64.ActiveCfg = Debug|Any CPU
		{277C4E19-782D-4336-9706-59844E13642A}.Debug|ARM64.Build.0 = Debug|Any CPU
		{277C4E19-782D-4336-9706-59844E13642A}.Debug|ARM64.Deploy.0 = Debug|Any CPU
		{277C4E19-782D-4336-9706-59844E13642A}.Debug|iPhone.ActiveCfg = Debug|Any CPU
		{277C4E19-782D-4336-9706-59844E13642A}.Debug|iPhone.Build.0 = Debug|Any CPU
		{277C4E19-782D-4336-9706-59844E13642A}.Debug|iPhone.Deploy.0 = Debug|Any CPU
		{277C4E19-782D-4336-9706-59844E13642A}.Debug|iPhoneSimulator.ActiveCfg = Debug|Any CPU
		{277C4E19-782D-4336-9706-59844E13642A}.Debug|iPhoneSimulator.Build.0 = Debug|Any CPU
		{277C4E19-782D-4336-9706-59844E13642A}.Debug|iPhoneSimulator.Deploy.0 = Debug|Any CPU
		{277C4E19-782D-4336-9706-59844E13642A}.Debug|x64.ActiveCfg = Debug|Any CPU
		{277C4E19-782D-4336-9706-59844E13642A}.Debug|x64.Build.0 = Debug|Any CPU
		{277C4E19-782D-4336-9706-59844E13642A}.Debug|x64.Deploy.0 = Debug|Any CPU
		{277C4E19-782D-4336-9706-59844E13642A}.Debug|x86.ActiveCfg = Debug|Any CPU
		{277C4E19-782D-4336-9706-59844E13642A}.Debug|x86.Build.0 = Debug|Any CPU
		{277C4E19-782D-4336-9706-59844E13642A}.Debug|x86.Deploy.0 = Debug|Any CPU
		{277C4E19-782D-4336-9706-59844E13642A}.Release|Any CPU.ActiveCfg = Release|Any CPU
		{277C4E19-782D-4336-9706-59844E13642A}.Release|Any CPU.Build.0 = Release|Any CPU
		{277C4E19-782D-4336-9706-59844E13642A}.Release|Any CPU.Deploy.0 = Release|Any CPU
		{277C4E19-782D-4336-9706-59844E13642A}.Release|ARM.ActiveCfg = Release|Any CPU
		{277C4E19-782D-4336-9706-59844E13642A}.Release|ARM.Build.0 = Release|Any CPU
		{277C4E19-782D-4336-9706-59844E13642A}.Release|ARM.Deploy.0 = Release|Any CPU
		{277C4E19-782D-4336-9706-59844E13642A}.Release|ARM64.ActiveCfg = Release|Any CPU
		{277C4E19-782D-4336-9706-59844E13642A}.Release|ARM64.Build.0 = Release|Any CPU
		{277C4E19-782D-4336-9706-59844E13642A}.Release|ARM64.Deploy.0 = Release|Any CPU
		{277C4E19-782D-4336-9706-59844E13642A}.Release|iPhone.ActiveCfg = Release|Any CPU
		{277C4E19-782D-4336-9706-59844E13642A}.Release|iPhone.Build.0 = Release|Any CPU
		{277C4E19-782D-4336-9706-59844E13642A}.Release|iPhone.Deploy.0 = Release|Any CPU
		{277C4E19-782D-4336-9706-59844E13642A}.Release|iPhoneSimulator.ActiveCfg = Release|Any CPU
		{277C4E19-782D-4336-9706-59844E13642A}.Release|iPhoneSimulator.Build.0 = Release|Any CPU
		{277C4E19-782D-4336-9706-59844E13642A}.Release|iPhoneSimulator.Deploy.0 = Release|Any CPU
		{277C4E19-782D-4336-9706-59844E13642A}.Release|x64.ActiveCfg = Release|Any CPU
		{277C4E19-782D-4336-9706-59844E13642A}.Release|x64.Build.0 = Release|Any CPU
		{277C4E19-782D-4336-9706-59844E13642A}.Release|x64.Deploy.0 = Release|Any CPU
		{277C4E19-782D-4336-9706-59844E13642A}.Release|x86.ActiveCfg = Release|Any CPU
		{277C4E19-782D-4336-9706-59844E13642A}.Release|x86.Build.0 = Release|Any CPU
		{277C4E19-782D-4336-9706-59844E13642A}.Release|x86.Deploy.0 = Release|Any CPU
		{D710AF5F-E96C-49A4-954A-20B3EDA701B8}.Ad-Hoc|Any CPU.ActiveCfg = Ad-Hoc|iPhone
		{D710AF5F-E96C-49A4-954A-20B3EDA701B8}.Ad-Hoc|ARM.ActiveCfg = Ad-Hoc|iPhone
		{D710AF5F-E96C-49A4-954A-20B3EDA701B8}.Ad-Hoc|ARM64.ActiveCfg = Ad-Hoc|iPhone
		{D710AF5F-E96C-49A4-954A-20B3EDA701B8}.Ad-Hoc|iPhone.ActiveCfg = Ad-Hoc|iPhone
		{D710AF5F-E96C-49A4-954A-20B3EDA701B8}.Ad-Hoc|iPhone.Build.0 = Ad-Hoc|iPhone
		{D710AF5F-E96C-49A4-954A-20B3EDA701B8}.Ad-Hoc|iPhoneSimulator.ActiveCfg = Ad-Hoc|iPhoneSimulator
		{D710AF5F-E96C-49A4-954A-20B3EDA701B8}.Ad-Hoc|iPhoneSimulator.Build.0 = Ad-Hoc|iPhoneSimulator
		{D710AF5F-E96C-49A4-954A-20B3EDA701B8}.Ad-Hoc|x64.ActiveCfg = Ad-Hoc|iPhone
		{D710AF5F-E96C-49A4-954A-20B3EDA701B8}.Ad-Hoc|x86.ActiveCfg = Ad-Hoc|iPhone
		{D710AF5F-E96C-49A4-954A-20B3EDA701B8}.AppStore|Any CPU.ActiveCfg = AppStore|iPhone
		{D710AF5F-E96C-49A4-954A-20B3EDA701B8}.AppStore|ARM.ActiveCfg = AppStore|iPhone
		{D710AF5F-E96C-49A4-954A-20B3EDA701B8}.AppStore|ARM64.ActiveCfg = AppStore|iPhone
		{D710AF5F-E96C-49A4-954A-20B3EDA701B8}.AppStore|iPhone.ActiveCfg = AppStore|iPhone
		{D710AF5F-E96C-49A4-954A-20B3EDA701B8}.AppStore|iPhone.Build.0 = AppStore|iPhone
		{D710AF5F-E96C-49A4-954A-20B3EDA701B8}.AppStore|iPhoneSimulator.ActiveCfg = AppStore|iPhoneSimulator
		{D710AF5F-E96C-49A4-954A-20B3EDA701B8}.AppStore|iPhoneSimulator.Build.0 = AppStore|iPhoneSimulator
		{D710AF5F-E96C-49A4-954A-20B3EDA701B8}.AppStore|x64.ActiveCfg = AppStore|iPhone
		{D710AF5F-E96C-49A4-954A-20B3EDA701B8}.AppStore|x86.ActiveCfg = AppStore|iPhone
		{D710AF5F-E96C-49A4-954A-20B3EDA701B8}.Debug|Any CPU.ActiveCfg = Debug|iPhone
		{D710AF5F-E96C-49A4-954A-20B3EDA701B8}.Debug|ARM.ActiveCfg = Debug|iPhone
		{D710AF5F-E96C-49A4-954A-20B3EDA701B8}.Debug|ARM64.ActiveCfg = Debug|iPhone
		{D710AF5F-E96C-49A4-954A-20B3EDA701B8}.Debug|iPhone.ActiveCfg = Debug|iPhone
		{D710AF5F-E96C-49A4-954A-20B3EDA701B8}.Debug|iPhone.Build.0 = Debug|iPhone
		{D710AF5F-E96C-49A4-954A-20B3EDA701B8}.Debug|iPhoneSimulator.ActiveCfg = Debug|iPhoneSimulator
		{D710AF5F-E96C-49A4-954A-20B3EDA701B8}.Debug|iPhoneSimulator.Build.0 = Debug|iPhoneSimulator
		{D710AF5F-E96C-49A4-954A-20B3EDA701B8}.Debug|x64.ActiveCfg = Debug|iPhone
		{D710AF5F-E96C-49A4-954A-20B3EDA701B8}.Debug|x86.ActiveCfg = Debug|iPhone
		{D710AF5F-E96C-49A4-954A-20B3EDA701B8}.Release|Any CPU.ActiveCfg = Release|iPhone
		{D710AF5F-E96C-49A4-954A-20B3EDA701B8}.Release|ARM.ActiveCfg = Release|iPhone
		{D710AF5F-E96C-49A4-954A-20B3EDA701B8}.Release|ARM64.ActiveCfg = Release|iPhone
		{D710AF5F-E96C-49A4-954A-20B3EDA701B8}.Release|iPhone.ActiveCfg = Release|iPhone
		{D710AF5F-E96C-49A4-954A-20B3EDA701B8}.Release|iPhone.Build.0 = Release|iPhone
		{D710AF5F-E96C-49A4-954A-20B3EDA701B8}.Release|iPhoneSimulator.ActiveCfg = Release|iPhoneSimulator
		{D710AF5F-E96C-49A4-954A-20B3EDA701B8}.Release|iPhoneSimulator.Build.0 = Release|iPhoneSimulator
		{D710AF5F-E96C-49A4-954A-20B3EDA701B8}.Release|x64.ActiveCfg = Release|iPhone
		{D710AF5F-E96C-49A4-954A-20B3EDA701B8}.Release|x86.ActiveCfg = Release|iPhone
		{402B5099-06A6-422B-9548-75052E228168}.Ad-Hoc|Any CPU.ActiveCfg = Release|x64
		{402B5099-06A6-422B-9548-75052E228168}.Ad-Hoc|Any CPU.Build.0 = Release|x64
		{402B5099-06A6-422B-9548-75052E228168}.Ad-Hoc|Any CPU.Deploy.0 = Release|x64
		{402B5099-06A6-422B-9548-75052E228168}.Ad-Hoc|ARM.ActiveCfg = Release|ARM
		{402B5099-06A6-422B-9548-75052E228168}.Ad-Hoc|ARM.Build.0 = Release|ARM
		{402B5099-06A6-422B-9548-75052E228168}.Ad-Hoc|ARM.Deploy.0 = Release|ARM
		{402B5099-06A6-422B-9548-75052E228168}.Ad-Hoc|ARM64.ActiveCfg = Release|ARM64
		{402B5099-06A6-422B-9548-75052E228168}.Ad-Hoc|ARM64.Build.0 = Release|ARM64
		{402B5099-06A6-422B-9548-75052E228168}.Ad-Hoc|ARM64.Deploy.0 = Release|ARM64
		{402B5099-06A6-422B-9548-75052E228168}.Ad-Hoc|iPhone.ActiveCfg = Release|x64
		{402B5099-06A6-422B-9548-75052E228168}.Ad-Hoc|iPhone.Build.0 = Release|x64
		{402B5099-06A6-422B-9548-75052E228168}.Ad-Hoc|iPhone.Deploy.0 = Release|x64
		{402B5099-06A6-422B-9548-75052E228168}.Ad-Hoc|iPhoneSimulator.ActiveCfg = Release|x64
		{402B5099-06A6-422B-9548-75052E228168}.Ad-Hoc|iPhoneSimulator.Build.0 = Release|x64
		{402B5099-06A6-422B-9548-75052E228168}.Ad-Hoc|iPhoneSimulator.Deploy.0 = Release|x64
		{402B5099-06A6-422B-9548-75052E228168}.Ad-Hoc|x64.ActiveCfg = Release|x64
		{402B5099-06A6-422B-9548-75052E228168}.Ad-Hoc|x64.Build.0 = Release|x64
		{402B5099-06A6-422B-9548-75052E228168}.Ad-Hoc|x64.Deploy.0 = Release|x64
		{402B5099-06A6-422B-9548-75052E228168}.Ad-Hoc|x86.ActiveCfg = Release|x86
		{402B5099-06A6-422B-9548-75052E228168}.Ad-Hoc|x86.Build.0 = Release|x86
		{402B5099-06A6-422B-9548-75052E228168}.Ad-Hoc|x86.Deploy.0 = Release|x86
		{402B5099-06A6-422B-9548-75052E228168}.AppStore|Any CPU.ActiveCfg = Release|x64
		{402B5099-06A6-422B-9548-75052E228168}.AppStore|Any CPU.Build.0 = Release|x64
		{402B5099-06A6-422B-9548-75052E228168}.AppStore|Any CPU.Deploy.0 = Release|x64
		{402B5099-06A6-422B-9548-75052E228168}.AppStore|ARM.ActiveCfg = Release|ARM
		{402B5099-06A6-422B-9548-75052E228168}.AppStore|ARM.Build.0 = Release|ARM
		{402B5099-06A6-422B-9548-75052E228168}.AppStore|ARM.Deploy.0 = Release|ARM
		{402B5099-06A6-422B-9548-75052E228168}.AppStore|ARM64.ActiveCfg = Release|ARM64
		{402B5099-06A6-422B-9548-75052E228168}.AppStore|ARM64.Build.0 = Release|ARM64
		{402B5099-06A6-422B-9548-75052E228168}.AppStore|ARM64.Deploy.0 = Release|ARM64
		{402B5099-06A6-422B-9548-75052E228168}.AppStore|iPhone.ActiveCfg = Release|x64
		{402B5099-06A6-422B-9548-75052E228168}.AppStore|iPhone.Build.0 = Release|x64
		{402B5099-06A6-422B-9548-75052E228168}.AppStore|iPhone.Deploy.0 = Release|x64
		{402B5099-06A6-422B-9548-75052E228168}.AppStore|iPhoneSimulator.ActiveCfg = Release|x64
		{402B5099-06A6-422B-9548-75052E228168}.AppStore|iPhoneSimulator.Build.0 = Release|x64
		{402B5099-06A6-422B-9548-75052E228168}.AppStore|iPhoneSimulator.Deploy.0 = Release|x64
		{402B5099-06A6-422B-9548-75052E228168}.AppStore|x64.ActiveCfg = Release|x64
		{402B5099-06A6-422B-9548-75052E228168}.AppStore|x64.Build.0 = Release|x64
		{402B5099-06A6-422B-9548-75052E228168}.AppStore|x64.Deploy.0 = Release|x64
		{402B5099-06A6-422B-9548-75052E228168}.AppStore|x86.ActiveCfg = Release|x86
		{402B5099-06A6-422B-9548-75052E228168}.AppStore|x86.Build.0 = Release|x86
		{402B5099-06A6-422B-9548-75052E228168}.AppStore|x86.Deploy.0 = Release|x86
		{402B5099-06A6-422B-9548-75052E228168}.Debug|Any CPU.ActiveCfg = Debug|x86
		{402B5099-06A6-422B-9548-75052E228168}.Debug|ARM.ActiveCfg = Debug|ARM
		{402B5099-06A6-422B-9548-75052E228168}.Debug|ARM.Build.0 = Debug|ARM
		{402B5099-06A6-422B-9548-75052E228168}.Debug|ARM.Deploy.0 = Debug|ARM
		{402B5099-06A6-422B-9548-75052E228168}.Debug|ARM64.ActiveCfg = Debug|ARM64
		{402B5099-06A6-422B-9548-75052E228168}.Debug|ARM64.Build.0 = Debug|ARM64
		{402B5099-06A6-422B-9548-75052E228168}.Debug|ARM64.Deploy.0 = Debug|ARM64
		{402B5099-06A6-422B-9548-75052E228168}.Debug|iPhone.ActiveCfg = Debug|x86
		{402B5099-06A6-422B-9548-75052E228168}.Debug|iPhoneSimulator.ActiveCfg = Debug|x86
		{402B5099-06A6-422B-9548-75052E228168}.Debug|x64.ActiveCfg = Debug|x64
		{402B5099-06A6-422B-9548-75052E228168}.Debug|x64.Build.0 = Debug|x64
		{402B5099-06A6-422B-9548-75052E228168}.Debug|x64.Deploy.0 = Debug|x64
		{402B5099-06A6-422B-9548-75052E228168}.Debug|x86.ActiveCfg = Debug|x86
		{402B5099-06A6-422B-9548-75052E228168}.Debug|x86.Build.0 = Debug|x86
		{402B5099-06A6-422B-9548-75052E228168}.Debug|x86.Deploy.0 = Debug|x86
		{402B5099-06A6-422B-9548-75052E228168}.Release|Any CPU.ActiveCfg = Release|x86
		{402B5099-06A6-422B-9548-75052E228168}.Release|ARM.ActiveCfg = Release|ARM
		{402B5099-06A6-422B-9548-75052E228168}.Release|ARM.Build.0 = Release|ARM
		{402B5099-06A6-422B-9548-75052E228168}.Release|ARM.Deploy.0 = Release|ARM
		{402B5099-06A6-422B-9548-75052E228168}.Release|ARM64.ActiveCfg = Release|ARM64
		{402B5099-06A6-422B-9548-75052E228168}.Release|ARM64.Build.0 = Release|ARM64
		{402B5099-06A6-422B-9548-75052E228168}.Release|ARM64.Deploy.0 = Release|ARM64
		{402B5099-06A6-422B-9548-75052E228168}.Release|iPhone.ActiveCfg = Release|x86
		{402B5099-06A6-422B-9548-75052E228168}.Release|iPhoneSimulator.ActiveCfg = Release|x86
		{402B5099-06A6-422B-9548-75052E228168}.Release|x64.ActiveCfg = Release|x64
		{402B5099-06A6-422B-9548-75052E228168}.Release|x64.Build.0 = Release|x64
		{402B5099-06A6-422B-9548-75052E228168}.Release|x64.Deploy.0 = Release|x64
		{402B5099-06A6-422B-9548-75052E228168}.Release|x86.ActiveCfg = Release|x86
		{402B5099-06A6-422B-9548-75052E228168}.Release|x86.Build.0 = Release|x86
		{402B5099-06A6-422B-9548-75052E228168}.Release|x86.Deploy.0 = Release|x86
		{FC627F5F-EDF2-4791-8E80-343C621B9ADE}.Ad-Hoc|Any CPU.ActiveCfg = Release|iPhoneSimulator
		{FC627F5F-EDF2-4791-8E80-343C621B9ADE}.Ad-Hoc|Any CPU.Build.0 = Release|iPhoneSimulator
		{FC627F5F-EDF2-4791-8E80-343C621B9ADE}.Ad-Hoc|ARM.ActiveCfg = Release|iPhoneSimulator
		{FC627F5F-EDF2-4791-8E80-343C621B9ADE}.Ad-Hoc|ARM.Build.0 = Release|iPhoneSimulator
		{FC627F5F-EDF2-4791-8E80-343C621B9ADE}.Ad-Hoc|ARM64.ActiveCfg = Release|iPhoneSimulator
		{FC627F5F-EDF2-4791-8E80-343C621B9ADE}.Ad-Hoc|ARM64.Build.0 = Release|iPhoneSimulator
		{FC627F5F-EDF2-4791-8E80-343C621B9ADE}.Ad-Hoc|iPhone.ActiveCfg = Release|iPhoneSimulator
		{FC627F5F-EDF2-4791-8E80-343C621B9ADE}.Ad-Hoc|iPhone.Build.0 = Release|iPhoneSimulator
		{FC627F5F-EDF2-4791-8E80-343C621B9ADE}.Ad-Hoc|iPhoneSimulator.ActiveCfg = Release|iPhoneSimulator
		{FC627F5F-EDF2-4791-8E80-343C621B9ADE}.Ad-Hoc|iPhoneSimulator.Build.0 = Release|iPhoneSimulator
		{FC627F5F-EDF2-4791-8E80-343C621B9ADE}.Ad-Hoc|x64.ActiveCfg = Release|iPhoneSimulator
		{FC627F5F-EDF2-4791-8E80-343C621B9ADE}.Ad-Hoc|x64.Build.0 = Release|iPhoneSimulator
		{FC627F5F-EDF2-4791-8E80-343C621B9ADE}.Ad-Hoc|x86.ActiveCfg = Release|iPhoneSimulator
		{FC627F5F-EDF2-4791-8E80-343C621B9ADE}.Ad-Hoc|x86.Build.0 = Release|iPhoneSimulator
		{FC627F5F-EDF2-4791-8E80-343C621B9ADE}.AppStore|Any CPU.ActiveCfg = Release|iPhoneSimulator
		{FC627F5F-EDF2-4791-8E80-343C621B9ADE}.AppStore|Any CPU.Build.0 = Release|iPhoneSimulator
		{FC627F5F-EDF2-4791-8E80-343C621B9ADE}.AppStore|ARM.ActiveCfg = Release|iPhoneSimulator
		{FC627F5F-EDF2-4791-8E80-343C621B9ADE}.AppStore|ARM.Build.0 = Release|iPhoneSimulator
		{FC627F5F-EDF2-4791-8E80-343C621B9ADE}.AppStore|ARM64.ActiveCfg = Release|iPhoneSimulator
		{FC627F5F-EDF2-4791-8E80-343C621B9ADE}.AppStore|ARM64.Build.0 = Release|iPhoneSimulator
		{FC627F5F-EDF2-4791-8E80-343C621B9ADE}.AppStore|iPhone.ActiveCfg = Release|iPhoneSimulator
		{FC627F5F-EDF2-4791-8E80-343C621B9ADE}.AppStore|iPhone.Build.0 = Release|iPhoneSimulator
		{FC627F5F-EDF2-4791-8E80-343C621B9ADE}.AppStore|iPhoneSimulator.ActiveCfg = Release|iPhoneSimulator
		{FC627F5F-EDF2-4791-8E80-343C621B9ADE}.AppStore|iPhoneSimulator.Build.0 = Release|iPhoneSimulator
		{FC627F5F-EDF2-4791-8E80-343C621B9ADE}.AppStore|x64.ActiveCfg = Release|iPhoneSimulator
		{FC627F5F-EDF2-4791-8E80-343C621B9ADE}.AppStore|x64.Build.0 = Release|iPhoneSimulator
		{FC627F5F-EDF2-4791-8E80-343C621B9ADE}.AppStore|x86.ActiveCfg = Release|iPhoneSimulator
		{FC627F5F-EDF2-4791-8E80-343C621B9ADE}.AppStore|x86.Build.0 = Release|iPhoneSimulator
		{FC627F5F-EDF2-4791-8E80-343C621B9ADE}.Debug|Any CPU.ActiveCfg = Debug|iPhoneSimulator
		{FC627F5F-EDF2-4791-8E80-343C621B9ADE}.Debug|ARM.ActiveCfg = Debug|iPhoneSimulator
		{FC627F5F-EDF2-4791-8E80-343C621B9ADE}.Debug|ARM64.ActiveCfg = Debug|iPhoneSimulator
		{FC627F5F-EDF2-4791-8E80-343C621B9ADE}.Debug|iPhone.ActiveCfg = Debug|iPhoneSimulator
		{FC627F5F-EDF2-4791-8E80-343C621B9ADE}.Debug|iPhoneSimulator.ActiveCfg = Debug|iPhoneSimulator
		{FC627F5F-EDF2-4791-8E80-343C621B9ADE}.Debug|iPhoneSimulator.Build.0 = Debug|iPhoneSimulator
		{FC627F5F-EDF2-4791-8E80-343C621B9ADE}.Debug|x64.ActiveCfg = Debug|iPhoneSimulator
		{FC627F5F-EDF2-4791-8E80-343C621B9ADE}.Debug|x86.ActiveCfg = Debug|iPhoneSimulator
		{FC627F5F-EDF2-4791-8E80-343C621B9ADE}.Release|Any CPU.ActiveCfg = Release|iPhoneSimulator
		{FC627F5F-EDF2-4791-8E80-343C621B9ADE}.Release|ARM.ActiveCfg = Release|iPhoneSimulator
		{FC627F5F-EDF2-4791-8E80-343C621B9ADE}.Release|ARM64.ActiveCfg = Release|iPhoneSimulator
		{FC627F5F-EDF2-4791-8E80-343C621B9ADE}.Release|iPhone.ActiveCfg = Release|iPhoneSimulator
		{FC627F5F-EDF2-4791-8E80-343C621B9ADE}.Release|iPhoneSimulator.ActiveCfg = Release|iPhoneSimulator
		{FC627F5F-EDF2-4791-8E80-343C621B9ADE}.Release|iPhoneSimulator.Build.0 = Release|iPhoneSimulator
		{FC627F5F-EDF2-4791-8E80-343C621B9ADE}.Release|x64.ActiveCfg = Release|iPhoneSimulator
		{FC627F5F-EDF2-4791-8E80-343C621B9ADE}.Release|x86.ActiveCfg = Release|iPhoneSimulator
	EndGlobalSection
	GlobalSection(SolutionProperties) = preSolution
		HideSolutionNode = FALSE
	EndGlobalSection
	GlobalSection(ExtensibilityGlobals) = postSolution
		SolutionGuid = {0A37B2F6-ACFB-4347-AB21-69598E05DC6E}
	EndGlobalSection
EndGlobal
